// !$*UTF8*$!
{
	archiveVersion = 1;
	classes = {
	};
	objectVersion = 50;
	objects = {

/* Begin PBXBuildFile section */
		34793892254060D900D6FDAF /* EdutainmentApp.swift in Sources */ = {isa = PBXBuildFile; fileRef = 34793891254060D900D6FDAF /* EdutainmentApp.swift */; };
		34793894254060D900D6FDAF /* ContentView.swift in Sources */ = {isa = PBXBuildFile; fileRef = 34793893254060D900D6FDAF /* ContentView.swift */; };
		34793896254060DB00D6FDAF /* Assets.xcassets in Resources */ = {isa = PBXBuildFile; fileRef = 34793895254060DB00D6FDAF /* Assets.xcassets */; };
		34793899254060DB00D6FDAF /* Preview Assets.xcassets in Resources */ = {isa = PBXBuildFile; fileRef = 34793898254060DB00D6FDAF /* Preview Assets.xcassets */; };
		347938A32546BD3D00D6FDAF /* Question.swift in Sources */ = {isa = PBXBuildFile; fileRef = 347938A22546BD3D00D6FDAF /* Question.swift */; };
/* End PBXBuildFile section */

/* Begin PBXFileReference section */
		3479388E254060D800D6FDAF /* Edutainment.app */ = {isa = PBXFileReference; explicitFileType = wrapper.application; includeInIndex = 0; path = Edutainment.app; sourceTree = BUILT_PRODUCTS_DIR; };
		34793891254060D900D6FDAF /* EdutainmentApp.swift */ = {isa = PBXFileReference; lastKnownFileType = sourcecode.swift; path = EdutainmentApp.swift; sourceTree = "<group>"; };
		34793893254060D900D6FDAF /* ContentView.swift */ = {isa = PBXFileReference; lastKnownFileType = sourcecode.swift; path = ContentView.swift; sourceTree = "<group>"; };
		34793895254060DB00D6FDAF /* Assets.xcassets */ = {isa = PBXFileReference; lastKnownFileType = folder.assetcatalog; path = Assets.xcassets; sourceTree = "<group>"; };
		34793898254060DB00D6FDAF /* Preview Assets.xcassets */ = {isa = PBXFileReference; lastKnownFileType = folder.assetcatalog; path = "Preview Assets.xcassets"; sourceTree = "<group>"; };
		3479389A254060DB00D6FDAF /* Info.plist */ = {isa = PBXFileReference; lastKnownFileType = text.plist.xml; path = Info.plist; sourceTree = "<group>"; };
		347938A22546BD3D00D6FDAF /* Question.swift */ = {isa = PBXFileReference; lastKnownFileType = sourcecode.swift; path = Question.swift; sourceTree = "<group>"; };
/* End PBXFileReference section */

/* Begin PBXFrameworksBuildPhase section */
		3479388B254060D800D6FDAF /* Frameworks */ = {
			isa = PBXFrameworksBuildPhase;
			buildActionMask = 2147483647;
			files = (
			);
			runOnlyForDeploymentPostprocessing = 0;
		};
/* End PBXFrameworksBuildPhase section */

/* Begin PBXGroup section */
		34793885254060D800D6FDAF = {
			isa = PBXGroup;
			children = (
				34793890254060D900D6FDAF /* Edutainment */,
				3479388F254060D800D6FDAF /* Products */,
			);
			sourceTree = "<group>";
		};
		3479388F254060D800D6FDAF /* Products */ = {
			isa = PBXGroup;
			children = (
				3479388E254060D800D6FDAF /* Edutainment.app */,
			);
			name = Products;
			sourceTree = "<group>";
		};
		34793890254060D900D6FDAF /* Edutainment */ = {
			isa = PBXGroup;
			children = (
				34793891254060D900D6FDAF /* EdutainmentApp.swift */,
				34793893254060D900D6FDAF /* ContentView.swift */,
				34793895254060DB00D6FDAF /* Assets.xcassets */,
				3479389A254060DB00D6FDAF /* Info.plist */,
				34793897254060DB00D6FDAF /* Preview Content */,
				347938A22546BD3D00D6FDAF /* Question.swift */,
			);
			path = Edutainment;
			sourceTree = "<group>";
		};
		34793897254060DB00D6FDAF /* Preview Content */ = {
			isa = PBXGroup;
			children = (
				34793898254060DB00D6FDAF /* Preview Assets.xcassets */,
			);
			path = "Preview Content";
			sourceTree = "<group>";
		};
/* End PBXGroup section */

/* Begin PBXNativeTarget section */
		3479388D254060D800D6FDAF /* Edutainment */ = {
			isa = PBXNativeTarget;
			buildConfigurationList = 3479389D254060DB00D6FDAF /* Build configuration list for PBXNativeTarget "Edutainment" */;
			buildPhases = (
				3479388A254060D800D6FDAF /* Sources */,
				3479388B254060D800D6FDAF /* Frameworks */,
				3479388C254060D800D6FDAF /* Resources */,
			);
			buildRules = (
			);
			dependencies = (
			);
			name = Edutainment;
			productName = Edutainment;
			productReference = 3479388E254060D800D6FDAF /* Edutainment.app */;
			productType = "com.apple.product-type.application";
		};
/* End PBXNativeTarget section */

/* Begin PBXProject section */
		34793886254060D800D6FDAF /* Project object */ = {
			isa = PBXProject;
			attributes = {
				LastSwiftUpdateCheck = 1220;
				LastUpgradeCheck = 1220;
				TargetAttributes = {
					3479388D254060D800D6FDAF = {
						CreatedOnToolsVersion = 12.2;
					};
				};
			};
			buildConfigurationList = 34793889254060D800D6FDAF /* Build configuration list for PBXProject "Edutainment" */;
			compatibilityVersion = "Xcode 9.3";
			developmentRegion = en;
			hasScannedForEncodings = 0;
			knownRegions = (
				en,
				Base,
			);
			mainGroup = 34793885254060D800D6FDAF;
			productRefGroup = 3479388F254060D800D6FDAF /* Products */;
			projectDirPath = "";
			projectRoot = "";
			targets = (
				3479388D254060D800D6FDAF /* Edutainment */,
			);
		};
/* End PBXProject section */

/* Begin PBXResourcesBuildPhase section */
		3479388C254060D800D6FDAF /* Resources */ = {
			isa = PBXResourcesBuildPhase;
			buildActionMask = 2147483647;
			files = (
				34793899254060DB00D6FDAF /* Preview Assets.xcassets in Resources */,
				34793896254060DB00D6FDAF /* Assets.xcassets in Resources */,
			);
			runOnlyForDeploymentPostprocessing = 0;
		};
/* End PBXResourcesBuildPhase section */

/* Begin PBXSourcesBuildPhase section */
		3479388A254060D800D6FDAF /* Sources */ = {
			isa = PBXSourcesBuildPhase;
			buildActionMask = 2147483647;
			files = (
				347938A32546BD3D00D6FDAF /* Question.swift in Sources */,
				34793894254060D900D6FDAF /* ContentView.swift in Sources */,
				34793892254060D900D6FDAF /* EdutainmentApp.swift in Sources */,
			);
			runOnlyForDeploymentPostprocessing = 0;
		};
/* End PBXSourcesBuildPhase section */

/* Begin XCBuildConfiguration section */
		3479389B254060DB00D6FDAF /* Debug */ = {
			isa = XCBuildConfiguration;
			buildSettings = {
				ALWAYS_SEARCH_USER_PATHS = NO;
				CLANG_ANALYZER_NONNULL = YES;
				CLANG_ANALYZER_NUMBER_OBJECT_CONVERSION = YES_AGGRESSIVE;
				CLANG_CXX_LANGUAGE_STANDARD = "gnu++14";
				CLANG_CXX_LIBRARY = "libc++";
				CLANG_ENABLE_MODULES = YES;
				CLANG_ENABLE_OBJC_ARC = YES;
				CLANG_ENABLE_OBJC_WEAK = YES;
				CLANG_WARN_BLOCK_CAPTURE_AUTORELEASING = YES;
				CLANG_WARN_BOOL_CONVERSION = YES;
				CLANG_WARN_COMMA = YES;
				CLANG_WARN_CONSTANT_CONVERSION = YES;
				CLANG_WARN_DEPRECATED_OBJC_IMPLEMENTATIONS = YES;
				CLANG_WARN_DIRECT_OBJC_ISA_USAGE = YES_ERROR;
				CLANG_WARN_DOCUMENTATION_COMMENTS = YES;
				CLANG_WARN_EMPTY_BODY = YES;
				CLANG_WARN_ENUM_CONVERSION = YES;
				CLANG_WARN_INFINITE_RECURSION = YES;
				CLANG_WARN_INT_CONVERSION = YES;
				CLANG_WARN_NON_LITERAL_NULL_CONVERSION = YES;
				CLANG_WARN_OBJC_IMPLICIT_RETAIN_SELF = YES;
				CLANG_WARN_OBJC_LITERAL_CONVERSION = YES;
				CLANG_WARN_OBJC_ROOT_CLASS = YES_ERROR;
				CLANG_WARN_QUOTED_INCLUDE_IN_FRAMEWORK_HEADER = YES;
				CLANG_WARN_RANGE_LOOP_ANALYSIS = YES;
				CLANG_WARN_STRICT_PROTOTYPES = YES;
				CLANG_WARN_SUSPICIOUS_MOVE = YES;
				CLANG_WARN_UNGUARDED_AVAILABILITY = YES_AGGRESSIVE;
				CLANG_WARN_UNREACHABLE_CODE = YES;
				CLANG_WARN__DUPLICATE_METHOD_MATCH = YES;
				COPY_PHASE_STRIP = NO;
				DEBUG_INFORMATION_FORMAT = dwarf;
				ENABLE_STRICT_OBJC_MSGSEND = YES;
				ENABLE_TESTABILITY = YES;
				GCC_C_LANGUAGE_STANDARD = gnu11;
				GCC_DYNAMIC_NO_PIC = NO;
				GCC_NO_COMMON_BLOCKS = YES;
				GCC_OPTIMIZATION_LEVEL = 0;
				GCC_PREPROCESSOR_DEFINITIONS = (
					"DEBUG=1",
					"$(inherited)",
				);
				GCC_WARN_64_TO_32_BIT_CONVERSION = YES;
				GCC_WARN_ABOUT_RETURN_TYPE = YES_ERROR;
				GCC_WARN_UNDECLARED_SELECTOR = YES;
				GCC_WARN_UNINITIALIZED_AUTOS = YES_AGGRESSIVE;
				GCC_WARN_UNUSED_FUNCTION = YES;
				GCC_WARN_UNUSED_VARIABLE = YES;
				IPHONEOS_DEPLOYMENT_TARGET = 14.2;
				MTL_ENABLE_DEBUG_INFO = INCLUDE_SOURCE;
				MTL_FAST_MATH = YES;
				ONLY_ACTIVE_ARCH = YES;
				SDKROOT = iphoneos;
				SWIFT_ACTIVE_COMPILATION_CONDITIONS = DEBUG;
				SWIFT_OPTIMIZATION_LEVEL = "-Onone";
			};
			name = Debug;
		};
		3479389C254060DB00D6FDAF /* Release */ = {
			isa = XCBuildConfiguration;
			buildSettings = {
				ALWAYS_SEARCH_USER_PATHS = NO;
				CLANG_ANALYZER_NONNULL = YES;
				CLANG_ANALYZER_NUMBER_OBJECT_CONVERSION = YES_AGGRESSIVE;
				CLANG_CXX_LANGUAGE_STANDARD = "gnu++14";
				CLANG_CXX_LIBRARY = "libc++";
				CLANG_ENABLE_MODULES = YES;
				CLANG_ENABLE_OBJC_ARC = YES;
				CLANG_ENABLE_OBJC_WEAK = YES;
				CLANG_WARN_BLOCK_CAPTURE_AUTORELEASING = YES;
				CLANG_WARN_BOOL_CONVERSION = YES;
				CLANG_WARN_COMMA = YES;
				CLANG_WARN_CONSTANT_CONVERSION = YES;
				CLANG_WARN_DEPRECATED_OBJC_IMPLEMENTATIONS = YES;
				CLANG_WARN_DIRECT_OBJC_ISA_USAGE = YES_ERROR;
				CLANG_WARN_DOCUMENTATION_COMMENTS = YES;
				CLANG_WARN_EMPTY_BODY = YES;
				CLANG_WARN_ENUM_CONVERSION = YES;
				CLANG_WARN_INFINITE_RECURSION = YES;
				CLANG_WARN_INT_CONVERSION = YES;
				CLANG_WARN_NON_LITERAL_NULL_CONVERSION = YES;
				CLANG_WARN_OBJC_IMPLICIT_RETAIN_SELF = YES;
				CLANG_WARN_OBJC_LITERAL_CONVERSION = YES;
				CLANG_WARN_OBJC_ROOT_CLASS = YES_ERROR;
				CLANG_WARN_QUOTED_INCLUDE_IN_FRAMEWORK_HEADER = YES;
				CLANG_WARN_RANGE_LOOP_ANALYSIS = YES;
				CLANG_WARN_STRICT_PROTOTYPES = YES;
				CLANG_WARN_SUSPICIOUS_MOVE = YES;
				CLANG_WARN_UNGUARDED_AVAILABILITY = YES_AGGRESSIVE;
				CLANG_WARN_UNREACHABLE_CODE = YES;
				CLANG_WARN__DUPLICATE_METHOD_MATCH = YES;
				COPY_PHASE_STRIP = NO;
				DEBUG_INFORMATION_FORMAT = "dwarf-with-dsym";
				ENABLE_NS_ASSERTIONS = NO;
				ENABLE_STRICT_OBJC_MSGSEND = YES;
				GCC_C_LANGUAGE_STANDARD = gnu11;
				GCC_NO_COMMON_BLOCKS = YES;
				GCC_WARN_64_TO_32_BIT_CONVERSION = YES;
				GCC_WARN_ABOUT_RETURN_TYPE = YES_ERROR;
				GCC_WARN_UNDECLARED_SELECTOR = YES;
				GCC_WARN_UNINITIALIZED_AUTOS = YES_AGGRESSIVE;
				GCC_WARN_UNUSED_FUNCTION = YES;
				GCC_WARN_UNUSED_VARIABLE = YES;
				IPHONEOS_DEPLOYMENT_TARGET = 14.2;
				MTL_ENABLE_DEBUG_INFO = NO;
				MTL_FAST_MATH = YES;
				SDKROOT = iphoneos;
				SWIFT_COMPILATION_MODE = wholemodule;
				SWIFT_OPTIMIZATION_LEVEL = "-O";
				VALIDATE_PRODUCT = YES;
			};
			name = Release;
		};
		3479389E254060DB00D6FDAF /* Debug */ = {
			isa = XCBuildConfiguration;
			buildSettings = {
				ASSETCATALOG_COMPILER_APPICON_NAME = AppIcon;
				ASSETCATALOG_COMPILER_GLOBAL_ACCENT_COLOR_NAME = AccentColor;
				CODE_SIGN_STYLE = Automatic;
				DEVELOPMENT_ASSET_PATHS = "\"Edutainment/Preview Content\"";
				DEVELOPMENT_TEAM = 65Q2BCUSW6;
				ENABLE_PREVIEWS = YES;
				INFOPLIST_FILE = Edutainment/Info.plist;
				IPHONEOS_DEPLOYMENT_TARGET = 14.0;
				LD_RUNPATH_SEARCH_PATHS = (
					"$(inherited)",
					"@executable_path/Frameworks",
				);
				PRODUCT_BUNDLE_IDENTIFIER = "-00DaysOfSwiftUI.pribelszki.levente.Edutainment";
				PRODUCT_NAME = "$(TARGET_NAME)";
				SWIFT_VERSION = 5.0;
				TARGETED_DEVICE_FAMILY = "1,2";
			};
			name = Debug;
		};
		3479389F254060DB00D6FDAF /* Release */ = {
			isa = XCBuildConfiguration;
			buildSettings = {
				ASSETCATALOG_COMPILER_APPICON_NAME = AppIcon;
				ASSETCATALOG_COMPILER_GLOBAL_ACCENT_COLOR_NAME = AccentColor;
				CODE_SIGN_STYLE = Automatic;
				DEVELOPMENT_ASSET_PATHS = "\"Edutainment/Preview Content\"";
				DEVELOPMENT_TEAM = 65Q2BCUSW6;
				ENABLE_PREVIEWS = YES;
				INFOPLIST_FILE = Edutainment/Info.plist;
				IPHONEOS_DEPLOYMENT_TARGET = 14.0;
				LD_RUNPATH_SEARCH_PATHS = (
					"$(inherited)",
					"@executable_path/Frameworks",
				);
				PRODUCT_BUNDLE_IDENTIFIER = "-00DaysOfSwiftUI.pribelszki.levente.Edutainment";
				PRODUCT_NAME = "$(TARGET_NAME)";
				SWIFT_VERSION = 5.0;
				TARGETED_DEVICE_FAMILY = "1,2";
			};
			name = Release;
		};
/* End XCBuildConfiguration section */

/* Begin XCConfigurationList section */
		34793889254060D800D6FDAF /* Build configuration list for PBXProject "Edutainment" */ = {
			isa = XCConfigurationList;
			buildConfigurations = (
				3479389B254060DB00D6FDAF /* Debug */,
				3479389C254060DB00D6FDAF /* Release */,
			);
			defaultConfigurationIsVisible = 0;
			defaultConfigurationName = Release;
		};
		3479389D254060DB00D6FDAF /* Build configuration list for PBXNativeTarget "Edutainment" */ = {
			isa = XCConfigurationList;
			buildConfigurations = (
				3479389E254060DB00D6FDAF /* Debug */,
				3479389F254060DB00D6FDAF /* Release */,
			);
			defaultConfigurationIsVisible = 0;
			defaultConfigurationName = Release;
		};
/* End XCConfigurationList section */
	};
	rootObject = 34793886254060D800D6FDAF /* Project object */;
}
