// !$*UTF8*$!
{
	archiveVersion = 1;
	classes = {
	};
	objectVersion = 50;
	objects = {

/* Begin PBXBuildFile section */
		34617CB1254FF96E0092E28B /* AppDelegate.swift in Sources */ = {isa = PBXBuildFile; fileRef = 34617CB0254FF96E0092E28B /* AppDelegate.swift */; };
		34617CB3254FF96E0092E28B /* SceneDelegate.swift in Sources */ = {isa = PBXBuildFile; fileRef = 34617CB2254FF96E0092E28B /* SceneDelegate.swift */; };
		34617CB5254FF96E0092E28B /* ContentView.swift in Sources */ = {isa = PBXBuildFile; fileRef = 34617CB4254FF96E0092E28B /* ContentView.swift */; };
		34617CB7254FF96F0092E28B /* Assets.xcassets in Resources */ = {isa = PBXBuildFile; fileRef = 34617CB6254FF96F0092E28B /* Assets.xcassets */; };
		34617CBA254FF96F0092E28B /* Preview Assets.xcassets in Resources */ = {isa = PBXBuildFile; fileRef = 34617CB9254FF96F0092E28B /* Preview Assets.xcassets */; };
		34617CBD254FF96F0092E28B /* LaunchScreen.storyboard in Resources */ = {isa = PBXBuildFile; fileRef = 34617CBB254FF96F0092E28B /* LaunchScreen.storyboard */; };
		34617CC6254FFF490092E28B /* Triangle.swift in Sources */ = {isa = PBXBuildFile; fileRef = 34617CC5254FFF490092E28B /* Triangle.swift */; };
		34617CC9255000470092E28B /* Arc.swift in Sources */ = {isa = PBXBuildFile; fileRef = 34617CC8255000470092E28B /* Arc.swift */; };
		34617CCC2550054A0092E28B /* Flower.swift in Sources */ = {isa = PBXBuildFile; fileRef = 34617CCB2550054A0092E28B /* Flower.swift */; };
		34617CCF25500F300092E28B /* Trapezoid.swift in Sources */ = {isa = PBXBuildFile; fileRef = 34617CCE25500F300092E28B /* Trapezoid.swift */; };
		34617CD2255012AD0092E28B /* CheckerBoard.swift in Sources */ = {isa = PBXBuildFile; fileRef = 34617CD1255012AD0092E28B /* CheckerBoard.swift */; };
/* End PBXBuildFile section */

/* Begin PBXFileReference section */
		34617CAD254FF96E0092E28B /* Drawing.app */ = {isa = PBXFileReference; explicitFileType = wrapper.application; includeInIndex = 0; path = Drawing.app; sourceTree = BUILT_PRODUCTS_DIR; };
		34617CB0254FF96E0092E28B /* AppDelegate.swift */ = {isa = PBXFileReference; lastKnownFileType = sourcecode.swift; path = AppDelegate.swift; sourceTree = "<group>"; };
		34617CB2254FF96E0092E28B /* SceneDelegate.swift */ = {isa = PBXFileReference; lastKnownFileType = sourcecode.swift; path = SceneDelegate.swift; sourceTree = "<group>"; };
		34617CB4254FF96E0092E28B /* ContentView.swift */ = {isa = PBXFileReference; lastKnownFileType = sourcecode.swift; path = ContentView.swift; sourceTree = "<group>"; };
		34617CB6254FF96F0092E28B /* Assets.xcassets */ = {isa = PBXFileReference; lastKnownFileType = folder.assetcatalog; path = Assets.xcassets; sourceTree = "<group>"; };
		34617CB9254FF96F0092E28B /* Preview Assets.xcassets */ = {isa = PBXFileReference; lastKnownFileType = folder.assetcatalog; path = "Preview Assets.xcassets"; sourceTree = "<group>"; };
		34617CBC254FF96F0092E28B /* Base */ = {isa = PBXFileReference; lastKnownFileType = file.storyboard; name = Base; path = Base.lproj/LaunchScreen.storyboard; sourceTree = "<group>"; };
		34617CBE254FF96F0092E28B /* Info.plist */ = {isa = PBXFileReference; lastKnownFileType = text.plist.xml; path = Info.plist; sourceTree = "<group>"; };
		34617CC5254FFF490092E28B /* Triangle.swift */ = {isa = PBXFileReference; lastKnownFileType = sourcecode.swift; path = Triangle.swift; sourceTree = "<group>"; };
		34617CC8255000470092E28B /* Arc.swift */ = {isa = PBXFileReference; lastKnownFileType = sourcecode.swift; path = Arc.swift; sourceTree = "<group>"; };
		34617CCB2550054A0092E28B /* Flower.swift */ = {isa = PBXFileReference; lastKnownFileType = sourcecode.swift; path = Flower.swift; sourceTree = "<group>"; };
		34617CCE25500F300092E28B /* Trapezoid.swift */ = {isa = PBXFileReference; lastKnownFileType = sourcecode.swift; path = Trapezoid.swift; sourceTree = "<group>"; };
		34617CD1255012AD0092E28B /* CheckerBoard.swift */ = {isa = PBXFileReference; lastKnownFileType = sourcecode.swift; path = CheckerBoard.swift; sourceTree = "<group>"; };
/* End PBXFileReference section */

/* Begin PBXFrameworksBuildPhase section */
		34617CAA254FF96E0092E28B /* Frameworks */ = {
			isa = PBXFrameworksBuildPhase;
			buildActionMask = 2147483647;
			files = (
			);
			runOnlyForDeploymentPostprocessing = 0;
		};
/* End PBXFrameworksBuildPhase section */

/* Begin PBXGroup section */
		34617CA4254FF96E0092E28B = {
			isa = PBXGroup;
			children = (
				34617CAF254FF96E0092E28B /* Drawing */,
				34617CAE254FF96E0092E28B /* Products */,
			);
			sourceTree = "<group>";
		};
		34617CAE254FF96E0092E28B /* Products */ = {
			isa = PBXGroup;
			children = (
				34617CAD254FF96E0092E28B /* Drawing.app */,
			);
			name = Products;
			sourceTree = "<group>";
		};
		34617CAF254FF96E0092E28B /* Drawing */ = {
			isa = PBXGroup;
			children = (
				34617CB0254FF96E0092E28B /* AppDelegate.swift */,
				34617CB2254FF96E0092E28B /* SceneDelegate.swift */,
				34617CB4254FF96E0092E28B /* ContentView.swift */,
				34617CB6254FF96F0092E28B /* Assets.xcassets */,
				34617CBB254FF96F0092E28B /* LaunchScreen.storyboard */,
				34617CBE254FF96F0092E28B /* Info.plist */,
				34617CB8254FF96F0092E28B /* Preview Content */,
				34617CC5254FFF490092E28B /* Triangle.swift */,
				34617CC8255000470092E28B /* Arc.swift */,
				34617CCB2550054A0092E28B /* Flower.swift */,
				34617CCE25500F300092E28B /* Trapezoid.swift */,
				34617CD1255012AD0092E28B /* CheckerBoard.swift */,
			);
			path = Drawing;
			sourceTree = "<group>";
		};
		34617CB8254FF96F0092E28B /* Preview Content */ = {
			isa = PBXGroup;
			children = (
				34617CB9254FF96F0092E28B /* Preview Assets.xcassets */,
			);
			path = "Preview Content";
			sourceTree = "<group>";
		};
/* End PBXGroup section */

/* Begin PBXNativeTarget section */
		34617CAC254FF96E0092E28B /* Drawing */ = {
			isa = PBXNativeTarget;
			buildConfigurationList = 34617CC1254FF96F0092E28B /* Build configuration list for PBXNativeTarget "Drawing" */;
			buildPhases = (
				34617CA9254FF96E0092E28B /* Sources */,
				34617CAA254FF96E0092E28B /* Frameworks */,
				34617CAB254FF96E0092E28B /* Resources */,
			);
			buildRules = (
			);
			dependencies = (
			);
			name = Drawing;
			productName = Drawing;
			productReference = 34617CAD254FF96E0092E28B /* Drawing.app */;
			productType = "com.apple.product-type.application";
		};
/* End PBXNativeTarget section */

/* Begin PBXProject section */
		34617CA5254FF96E0092E28B /* Project object */ = {
			isa = PBXProject;
			attributes = {
				LastSwiftUpdateCheck = 1220;
				LastUpgradeCheck = 1220;
				TargetAttributes = {
					34617CAC254FF96E0092E28B = {
						CreatedOnToolsVersion = 12.2;
					};
				};
			};
			buildConfigurationList = 34617CA8254FF96E0092E28B /* Build configuration list for PBXProject "Drawing" */;
			compatibilityVersion = "Xcode 9.3";
			developmentRegion = en;
			hasScannedForEncodings = 0;
			knownRegions = (
				en,
				Base,
			);
			mainGroup = 34617CA4254FF96E0092E28B;
			productRefGroup = 34617CAE254FF96E0092E28B /* Products */;
			projectDirPath = "";
			projectRoot = "";
			targets = (
				34617CAC254FF96E0092E28B /* Drawing */,
			);
		};
/* End PBXProject section */

/* Begin PBXResourcesBuildPhase section */
		34617CAB254FF96E0092E28B /* Resources */ = {
			isa = PBXResourcesBuildPhase;
			buildActionMask = 2147483647;
			files = (
				34617CBD254FF96F0092E28B /* LaunchScreen.storyboard in Resources */,
				34617CBA254FF96F0092E28B /* Preview Assets.xcassets in Resources */,
				34617CB7254FF96F0092E28B /* Assets.xcassets in Resources */,
			);
			runOnlyForDeploymentPostprocessing = 0;
		};
/* End PBXResourcesBuildPhase section */

/* Begin PBXSourcesBuildPhase section */
		34617CA9254FF96E0092E28B /* Sources */ = {
			isa = PBXSourcesBuildPhase;
			buildActionMask = 2147483647;
			files = (
				34617CB1254FF96E0092E28B /* AppDelegate.swift in Sources */,
				34617CB3254FF96E0092E28B /* SceneDelegate.swift in Sources */,
				34617CD2255012AD0092E28B /* CheckerBoard.swift in Sources */,
				34617CCC2550054A0092E28B /* Flower.swift in Sources */,
				34617CC9255000470092E28B /* Arc.swift in Sources */,
				34617CB5254FF96E0092E28B /* ContentView.swift in Sources */,
				34617CCF25500F300092E28B /* Trapezoid.swift in Sources */,
				34617CC6254FFF490092E28B /* Triangle.swift in Sources */,
			);
			runOnlyForDeploymentPostprocessing = 0;
		};
/* End PBXSourcesBuildPhase section */

/* Begin PBXVariantGroup section */
		34617CBB254FF96F0092E28B /* LaunchScreen.storyboard */ = {
			isa = PBXVariantGroup;
			children = (
				34617CBC254FF96F0092E28B /* Base */,
			);
			name = LaunchScreen.storyboard;
			sourceTree = "<group>";
		};
/* End PBXVariantGroup section */

/* Begin XCBuildConfiguration section */
		34617CBF254FF96F0092E28B /* Debug */ = {
			isa = XCBuildConfiguration;
			buildSettings = {
				ALWAYS_SEARCH_USER_PATHS = NO;
				CLANG_ANALYZER_NONNULL = YES;
				CLANG_ANALYZER_NUMBER_OBJECT_CONVERSION = YES_AGGRESSIVE;
				CLANG_CXX_LANGUAGE_STANDARD = "gnu++14";
				CLANG_CXX_LIBRARY = "libc++";
				CLANG_ENABLE_MODULES = YES;
				CLANG_ENABLE_OBJC_ARC = YES;
				CLANG_ENABLE_OBJC_WEAK = YES;
				CLANG_WARN_BLOCK_CAPTURE_AUTORELEASING = YES;
				CLANG_WARN_BOOL_CONVERSION = YES;
				CLANG_WARN_COMMA = YES;
				CLANG_WARN_CONSTANT_CONVERSION = YES;
				CLANG_WARN_DEPRECATED_OBJC_IMPLEMENTATIONS = YES;
				CLANG_WARN_DIRECT_OBJC_ISA_USAGE = YES_ERROR;
				CLANG_WARN_DOCUMENTATION_COMMENTS = YES;
				CLANG_WARN_EMPTY_BODY = YES;
				CLANG_WARN_ENUM_CONVERSION = YES;
				CLANG_WARN_INFINITE_RECURSION = YES;
				CLANG_WARN_INT_CONVERSION = YES;
				CLANG_WARN_NON_LITERAL_NULL_CONVERSION = YES;
				CLANG_WARN_OBJC_IMPLICIT_RETAIN_SELF = YES;
				CLANG_WARN_OBJC_LITERAL_CONVERSION = YES;
				CLANG_WARN_OBJC_ROOT_CLASS = YES_ERROR;
				CLANG_WARN_QUOTED_INCLUDE_IN_FRAMEWORK_HEADER = YES;
				CLANG_WARN_RANGE_LOOP_ANALYSIS = YES;
				CLANG_WARN_STRICT_PROTOTYPES = YES;
				CLANG_WARN_SUSPICIOUS_MOVE = YES;
				CLANG_WARN_UNGUARDED_AVAILABILITY = YES_AGGRESSIVE;
				CLANG_WARN_UNREACHABLE_CODE = YES;
				CLANG_WARN__DUPLICATE_METHOD_MATCH = YES;
				COPY_PHASE_STRIP = NO;
				DEBUG_INFORMATION_FORMAT = dwarf;
				ENABLE_STRICT_OBJC_MSGSEND = YES;
				ENABLE_TESTABILITY = YES;
				GCC_C_LANGUAGE_STANDARD = gnu11;
				GCC_DYNAMIC_NO_PIC = NO;
				GCC_NO_COMMON_BLOCKS = YES;
				GCC_OPTIMIZATION_LEVEL = 0;
				GCC_PREPROCESSOR_DEFINITIONS = (
					"DEBUG=1",
					"$(inherited)",
				);
				GCC_WARN_64_TO_32_BIT_CONVERSION = YES;
				GCC_WARN_ABOUT_RETURN_TYPE = YES_ERROR;
				GCC_WARN_UNDECLARED_SELECTOR = YES;
				GCC_WARN_UNINITIALIZED_AUTOS = YES_AGGRESSIVE;
				GCC_WARN_UNUSED_FUNCTION = YES;
				GCC_WARN_UNUSED_VARIABLE = YES;
				IPHONEOS_DEPLOYMENT_TARGET = 14.2;
				MTL_ENABLE_DEBUG_INFO = INCLUDE_SOURCE;
				MTL_FAST_MATH = YES;
				ONLY_ACTIVE_ARCH = YES;
				SDKROOT = iphoneos;
				SWIFT_ACTIVE_COMPILATION_CONDITIONS = DEBUG;
				SWIFT_OPTIMIZATION_LEVEL = "-Onone";
			};
			name = Debug;
		};
		34617CC0254FF96F0092E28B /* Release */ = {
			isa = XCBuildConfiguration;
			buildSettings = {
				ALWAYS_SEARCH_USER_PATHS = NO;
				CLANG_ANALYZER_NONNULL = YES;
				CLANG_ANALYZER_NUMBER_OBJECT_CONVERSION = YES_AGGRESSIVE;
				CLANG_CXX_LANGUAGE_STANDARD = "gnu++14";
				CLANG_CXX_LIBRARY = "libc++";
				CLANG_ENABLE_MODULES = YES;
				CLANG_ENABLE_OBJC_ARC = YES;
				CLANG_ENABLE_OBJC_WEAK = YES;
				CLANG_WARN_BLOCK_CAPTURE_AUTORELEASING = YES;
				CLANG_WARN_BOOL_CONVERSION = YES;
				CLANG_WARN_COMMA = YES;
				CLANG_WARN_CONSTANT_CONVERSION = YES;
				CLANG_WARN_DEPRECATED_OBJC_IMPLEMENTATIONS = YES;
				CLANG_WARN_DIRECT_OBJC_ISA_USAGE = YES_ERROR;
				CLANG_WARN_DOCUMENTATION_COMMENTS = YES;
				CLANG_WARN_EMPTY_BODY = YES;
				CLANG_WARN_ENUM_CONVERSION = YES;
				CLANG_WARN_INFINITE_RECURSION = YES;
				CLANG_WARN_INT_CONVERSION = YES;
				CLANG_WARN_NON_LITERAL_NULL_CONVERSION = YES;
				CLANG_WARN_OBJC_IMPLICIT_RETAIN_SELF = YES;
				CLANG_WARN_OBJC_LITERAL_CONVERSION = YES;
				CLANG_WARN_OBJC_ROOT_CLASS = YES_ERROR;
				CLANG_WARN_QUOTED_INCLUDE_IN_FRAMEWORK_HEADER = YES;
				CLANG_WARN_RANGE_LOOP_ANALYSIS = YES;
				CLANG_WARN_STRICT_PROTOTYPES = YES;
				CLANG_WARN_SUSPICIOUS_MOVE = YES;
				CLANG_WARN_UNGUARDED_AVAILABILITY = YES_AGGRESSIVE;
				CLANG_WARN_UNREACHABLE_CODE = YES;
				CLANG_WARN__DUPLICATE_METHOD_MATCH = YES;
				COPY_PHASE_STRIP = NO;
				DEBUG_INFORMATION_FORMAT = "dwarf-with-dsym";
				ENABLE_NS_ASSERTIONS = NO;
				ENABLE_STRICT_OBJC_MSGSEND = YES;
				GCC_C_LANGUAGE_STANDARD = gnu11;
				GCC_NO_COMMON_BLOCKS = YES;
				GCC_WARN_64_TO_32_BIT_CONVERSION = YES;
				GCC_WARN_ABOUT_RETURN_TYPE = YES_ERROR;
				GCC_WARN_UNDECLARED_SELECTOR = YES;
				GCC_WARN_UNINITIALIZED_AUTOS = YES_AGGRESSIVE;
				GCC_WARN_UNUSED_FUNCTION = YES;
				GCC_WARN_UNUSED_VARIABLE = YES;
				IPHONEOS_DEPLOYMENT_TARGET = 14.2;
				MTL_ENABLE_DEBUG_INFO = NO;
				MTL_FAST_MATH = YES;
				SDKROOT = iphoneos;
				SWIFT_COMPILATION_MODE = wholemodule;
				SWIFT_OPTIMIZATION_LEVEL = "-O";
				VALIDATE_PRODUCT = YES;
			};
			name = Release;
		};
		34617CC2254FF96F0092E28B /* Debug */ = {
			isa = XCBuildConfiguration;
			buildSettings = {
				ASSETCATALOG_COMPILER_APPICON_NAME = AppIcon;
				ASSETCATALOG_COMPILER_GLOBAL_ACCENT_COLOR_NAME = AccentColor;
				CODE_SIGN_STYLE = Automatic;
				DEVELOPMENT_ASSET_PATHS = "\"Drawing/Preview Content\"";
				DEVELOPMENT_TEAM = 65Q2BCUSW6;
				ENABLE_PREVIEWS = YES;
				INFOPLIST_FILE = Drawing/Info.plist;
				LD_RUNPATH_SEARCH_PATHS = (
					"$(inherited)",
					"@executable_path/Frameworks",
				);
				PRODUCT_BUNDLE_IDENTIFIER = "-00DaysOfSwiftUI.pribelszki.levente.Drawing";
				PRODUCT_NAME = "$(TARGET_NAME)";
				SWIFT_VERSION = 5.0;
				TARGETED_DEVICE_FAMILY = "1,2";
			};
			name = Debug;
		};
		34617CC3254FF96F0092E28B /* Release */ = {
			isa = XCBuildConfiguration;
			buildSettings = {
				ASSETCATALOG_COMPILER_APPICON_NAME = AppIcon;
				ASSETCATALOG_COMPILER_GLOBAL_ACCENT_COLOR_NAME = AccentColor;
				CODE_SIGN_STYLE = Automatic;
				DEVELOPMENT_ASSET_PATHS = "\"Drawing/Preview Content\"";
				DEVELOPMENT_TEAM = 65Q2BCUSW6;
				ENABLE_PREVIEWS = YES;
				INFOPLIST_FILE = Drawing/Info.plist;
				LD_RUNPATH_SEARCH_PATHS = (
					"$(inherited)",
					"@executable_path/Frameworks",
				);
				PRODUCT_BUNDLE_IDENTIFIER = "-00DaysOfSwiftUI.pribelszki.levente.Drawing";
				PRODUCT_NAME = "$(TARGET_NAME)";
				SWIFT_VERSION = 5.0;
				TARGETED_DEVICE_FAMILY = "1,2";
			};
			name = Release;
		};
/* End XCBuildConfiguration section */

/* Begin XCConfigurationList section */
		34617CA8254FF96E0092E28B /* Build configuration list for PBXProject "Drawing" */ = {
			isa = XCConfigurationList;
			buildConfigurations = (
				34617CBF254FF96F0092E28B /* Debug */,
				34617CC0254FF96F0092E28B /* Release */,
			);
			defaultConfigurationIsVisible = 0;
			defaultConfigurationName = Release;
		};
		34617CC1254FF96F0092E28B /* Build configuration list for PBXNativeTarget "Drawing" */ = {
			isa = XCConfigurationList;
			buildConfigurations = (
				34617CC2254FF96F0092E28B /* Debug */,
				34617CC3254FF96F0092E28B /* Release */,
			);
			defaultConfigurationIsVisible = 0;
			defaultConfigurationName = Release;
		};
/* End XCConfigurationList section */
	};
	rootObject = 34617CA5254FF96E0092E28B /* Project object */;
}
