// !$*UTF8*$!
{
	archiveVersion = 1;
	classes = {
	};
	objectVersion = 50;
	objects = {

/* Begin PBXBuildFile section */
		3453B129257E192F0054B50D /* BookwormApp.swift in Sources */ = {isa = PBXBuildFile; fileRef = 3453B128257E192F0054B50D /* BookwormApp.swift */; };
		3453B12B257E192F0054B50D /* ContentView.swift in Sources */ = {isa = PBXBuildFile; fileRef = 3453B12A257E192F0054B50D /* ContentView.swift */; };
		3453B12D257E19300054B50D /* Assets.xcassets in Resources */ = {isa = PBXBuildFile; fileRef = 3453B12C257E19300054B50D /* Assets.xcassets */; };
		3453B130257E19300054B50D /* Preview Assets.xcassets in Resources */ = {isa = PBXBuildFile; fileRef = 3453B12F257E19300054B50D /* Preview Assets.xcassets */; };
		3453B140257E19300054B50D /* BookwormTests.swift in Sources */ = {isa = PBXBuildFile; fileRef = 3453B13F257E19300054B50D /* BookwormTests.swift */; };
		3453B14B257E19300054B50D /* BookwormUITests.swift in Sources */ = {isa = PBXBuildFile; fileRef = 3453B14A257E19300054B50D /* BookwormUITests.swift */; };
		3453B15C257E1BF00054B50D /* PushButton.swift in Sources */ = {isa = PBXBuildFile; fileRef = 3453B15B257E1BF00054B50D /* PushButton.swift */; };
		3453B164257E2BC40054B50D /* AddBookView.swift in Sources */ = {isa = PBXBuildFile; fileRef = 3453B163257E2BC40054B50D /* AddBookView.swift */; };
		34626138257E3C9400647A13 /* Bookworm.xcdatamodeld in Sources */ = {isa = PBXBuildFile; fileRef = 34717026257E39FA00895323 /* Bookworm.xcdatamodeld */; };
		34717017257E2F1A00895323 /* BookwormView.swift in Sources */ = {isa = PBXBuildFile; fileRef = 34717016257E2F1A00895323 /* BookwormView.swift */; };
		3473305A257E421D0060F3E4 /* Persistence.swift in Sources */ = {isa = PBXBuildFile; fileRef = 34733059257E421D0060F3E4 /* Persistence.swift */; };
		3473305F257E45D10060F3E4 /* RatingView.swift in Sources */ = {isa = PBXBuildFile; fileRef = 3473305E257E45D10060F3E4 /* RatingView.swift */; };
		34733064257E46EA0060F3E4 /* EmojiRatingView.swift in Sources */ = {isa = PBXBuildFile; fileRef = 34733063257E46EA0060F3E4 /* EmojiRatingView.swift */; };
		34733069257E49770060F3E4 /* DetailsView.swift in Sources */ = {isa = PBXBuildFile; fileRef = 34733068257E49770060F3E4 /* DetailsView.swift */; };
/* End PBXBuildFile section */

/* Begin PBXContainerItemProxy section */
		3453B13C257E19300054B50D /* PBXContainerItemProxy */ = {
			isa = PBXContainerItemProxy;
			containerPortal = 3453B11D257E192F0054B50D /* Project object */;
			proxyType = 1;
			remoteGlobalIDString = 3453B124257E192F0054B50D;
			remoteInfo = Bookworm;
		};
		3453B147257E19300054B50D /* PBXContainerItemProxy */ = {
			isa = PBXContainerItemProxy;
			containerPortal = 3453B11D257E192F0054B50D /* Project object */;
			proxyType = 1;
			remoteGlobalIDString = 3453B124257E192F0054B50D;
			remoteInfo = Bookworm;
		};
/* End PBXContainerItemProxy section */

/* Begin PBXFileReference section */
		3453B125257E192F0054B50D /* Bookworm.app */ = {isa = PBXFileReference; explicitFileType = wrapper.application; includeInIndex = 0; path = Bookworm.app; sourceTree = BUILT_PRODUCTS_DIR; };
		3453B128257E192F0054B50D /* BookwormApp.swift */ = {isa = PBXFileReference; lastKnownFileType = sourcecode.swift; path = BookwormApp.swift; sourceTree = "<group>"; };
		3453B12A257E192F0054B50D /* ContentView.swift */ = {isa = PBXFileReference; lastKnownFileType = sourcecode.swift; path = ContentView.swift; sourceTree = "<group>"; };
		3453B12C257E19300054B50D /* Assets.xcassets */ = {isa = PBXFileReference; lastKnownFileType = folder.assetcatalog; path = Assets.xcassets; sourceTree = "<group>"; };
		3453B12F257E19300054B50D /* Preview Assets.xcassets */ = {isa = PBXFileReference; lastKnownFileType = folder.assetcatalog; path = "Preview Assets.xcassets"; sourceTree = "<group>"; };
		3453B136257E19300054B50D /* Info.plist */ = {isa = PBXFileReference; lastKnownFileType = text.plist.xml; path = Info.plist; sourceTree = "<group>"; };
		3453B13B257E19300054B50D /* BookwormTests.xctest */ = {isa = PBXFileReference; explicitFileType = wrapper.cfbundle; includeInIndex = 0; path = BookwormTests.xctest; sourceTree = BUILT_PRODUCTS_DIR; };
		3453B13F257E19300054B50D /* BookwormTests.swift */ = {isa = PBXFileReference; lastKnownFileType = sourcecode.swift; path = BookwormTests.swift; sourceTree = "<group>"; };
		3453B141257E19300054B50D /* Info.plist */ = {isa = PBXFileReference; lastKnownFileType = text.plist.xml; path = Info.plist; sourceTree = "<group>"; };
		3453B146257E19300054B50D /* BookwormUITests.xctest */ = {isa = PBXFileReference; explicitFileType = wrapper.cfbundle; includeInIndex = 0; path = BookwormUITests.xctest; sourceTree = BUILT_PRODUCTS_DIR; };
		3453B14A257E19300054B50D /* BookwormUITests.swift */ = {isa = PBXFileReference; lastKnownFileType = sourcecode.swift; path = BookwormUITests.swift; sourceTree = "<group>"; };
		3453B14C257E19300054B50D /* Info.plist */ = {isa = PBXFileReference; lastKnownFileType = text.plist.xml; path = Info.plist; sourceTree = "<group>"; };
		3453B15B257E1BF00054B50D /* PushButton.swift */ = {isa = PBXFileReference; lastKnownFileType = sourcecode.swift; path = PushButton.swift; sourceTree = "<group>"; };
		3453B163257E2BC40054B50D /* AddBookView.swift */ = {isa = PBXFileReference; lastKnownFileType = sourcecode.swift; path = AddBookView.swift; sourceTree = "<group>"; };
		34717016257E2F1A00895323 /* BookwormView.swift */ = {isa = PBXFileReference; lastKnownFileType = sourcecode.swift; path = BookwormView.swift; sourceTree = "<group>"; };
		34717027257E39FA00895323 /* Bookworm.xcdatamodel */ = {isa = PBXFileReference; lastKnownFileType = wrapper.xcdatamodel; path = Bookworm.xcdatamodel; sourceTree = "<group>"; };
		34733059257E421D0060F3E4 /* Persistence.swift */ = {isa = PBXFileReference; lastKnownFileType = sourcecode.swift; path = Persistence.swift; sourceTree = "<group>"; };
		3473305E257E45D10060F3E4 /* RatingView.swift */ = {isa = PBXFileReference; lastKnownFileType = sourcecode.swift; path = RatingView.swift; sourceTree = "<group>"; };
		34733063257E46EA0060F3E4 /* EmojiRatingView.swift */ = {isa = PBXFileReference; lastKnownFileType = sourcecode.swift; path = EmojiRatingView.swift; sourceTree = "<group>"; };
		34733068257E49770060F3E4 /* DetailsView.swift */ = {isa = PBXFileReference; lastKnownFileType = sourcecode.swift; path = DetailsView.swift; sourceTree = "<group>"; };
/* End PBXFileReference section */

/* Begin PBXFrameworksBuildPhase section */
		3453B122257E192F0054B50D /* Frameworks */ = {
			isa = PBXFrameworksBuildPhase;
			buildActionMask = 2147483647;
			files = (
			);
			runOnlyForDeploymentPostprocessing = 0;
		};
		3453B138257E19300054B50D /* Frameworks */ = {
			isa = PBXFrameworksBuildPhase;
			buildActionMask = 2147483647;
			files = (
			);
			runOnlyForDeploymentPostprocessing = 0;
		};
		3453B143257E19300054B50D /* Frameworks */ = {
			isa = PBXFrameworksBuildPhase;
			buildActionMask = 2147483647;
			files = (
			);
			runOnlyForDeploymentPostprocessing = 0;
		};
/* End PBXFrameworksBuildPhase section */

/* Begin PBXGroup section */
		3453B11C257E192F0054B50D = {
			isa = PBXGroup;
			children = (
				3453B127257E192F0054B50D /* Bookworm */,
				3453B13E257E19300054B50D /* BookwormTests */,
				3453B149257E19300054B50D /* BookwormUITests */,
				3453B126257E192F0054B50D /* Products */,
			);
			sourceTree = "<group>";
		};
		3453B126257E192F0054B50D /* Products */ = {
			isa = PBXGroup;
			children = (
				3453B125257E192F0054B50D /* Bookworm.app */,
				3453B13B257E19300054B50D /* BookwormTests.xctest */,
				3453B146257E19300054B50D /* BookwormUITests.xctest */,
			);
			name = Products;
			sourceTree = "<group>";
		};
		3453B127257E192F0054B50D /* Bookworm */ = {
			isa = PBXGroup;
			children = (
				3453B12C257E19300054B50D /* Assets.xcassets */,
				34717026257E39FA00895323 /* Bookworm.xcdatamodeld */,
				3453B128257E192F0054B50D /* BookwormApp.swift */,
				3473306E257E4DF30060F3E4 /* Custom Views */,
				3453B136257E19300054B50D /* Info.plist */,
				34733059257E421D0060F3E4 /* Persistence.swift */,
				3453B12E257E19300054B50D /* Preview Content */,
				3473306D257E4DE20060F3E4 /* Screens */,
			);
			path = Bookworm;
			sourceTree = "<group>";
		};
		3453B12E257E19300054B50D /* Preview Content */ = {
			isa = PBXGroup;
			children = (
				3453B12F257E19300054B50D /* Preview Assets.xcassets */,
			);
			path = "Preview Content";
			sourceTree = "<group>";
		};
		3453B13E257E19300054B50D /* BookwormTests */ = {
			isa = PBXGroup;
			children = (
				3453B13F257E19300054B50D /* BookwormTests.swift */,
				3453B141257E19300054B50D /* Info.plist */,
			);
			path = BookwormTests;
			sourceTree = "<group>";
		};
		3453B149257E19300054B50D /* BookwormUITests */ = {
			isa = PBXGroup;
			children = (
				3453B14A257E19300054B50D /* BookwormUITests.swift */,
				3453B14C257E19300054B50D /* Info.plist */,
			);
			path = BookwormUITests;
			sourceTree = "<group>";
		};
		3473306D257E4DE20060F3E4 /* Screens */ = {
			isa = PBXGroup;
			children = (
				3453B12A257E192F0054B50D /* ContentView.swift */,
				34733068257E49770060F3E4 /* DetailsView.swift */,
				34717016257E2F1A00895323 /* BookwormView.swift */,
				3453B163257E2BC40054B50D /* AddBookView.swift */,
			);
			path = Screens;
			sourceTree = "<group>";
		};
		3473306E257E4DF30060F3E4 /* Custom Views */ = {
			isa = PBXGroup;
			children = (
				34733063257E46EA0060F3E4 /* EmojiRatingView.swift */,
				3453B15B257E1BF00054B50D /* PushButton.swift */,
				3473305E257E45D10060F3E4 /* RatingView.swift */,
			);
			path = "Custom Views";
			sourceTree = "<group>";
		};
/* End PBXGroup section */

/* Begin PBXNativeTarget section */
		3453B124257E192F0054B50D /* Bookworm */ = {
			isa = PBXNativeTarget;
			buildConfigurationList = 3453B14F257E19300054B50D /* Build configuration list for PBXNativeTarget "Bookworm" */;
			buildPhases = (
				3453B121257E192F0054B50D /* Sources */,
				3453B122257E192F0054B50D /* Frameworks */,
				3453B123257E192F0054B50D /* Resources */,
			);
			buildRules = (
			);
			dependencies = (
			);
			name = Bookworm;
			productName = Bookworm;
			productReference = 3453B125257E192F0054B50D /* Bookworm.app */;
			productType = "com.apple.product-type.application";
		};
		3453B13A257E19300054B50D /* BookwormTests */ = {
			isa = PBXNativeTarget;
			buildConfigurationList = 3453B152257E19300054B50D /* Build configuration list for PBXNativeTarget "BookwormTests" */;
			buildPhases = (
				3453B137257E19300054B50D /* Sources */,
				3453B138257E19300054B50D /* Frameworks */,
				3453B139257E19300054B50D /* Resources */,
			);
			buildRules = (
			);
			dependencies = (
				3453B13D257E19300054B50D /* PBXTargetDependency */,
			);
			name = BookwormTests;
			productName = BookwormTests;
			productReference = 3453B13B257E19300054B50D /* BookwormTests.xctest */;
			productType = "com.apple.product-type.bundle.unit-test";
		};
		3453B145257E19300054B50D /* BookwormUITests */ = {
			isa = PBXNativeTarget;
			buildConfigurationList = 3453B155257E19300054B50D /* Build configuration list for PBXNativeTarget "BookwormUITests" */;
			buildPhases = (
				3453B142257E19300054B50D /* Sources */,
				3453B143257E19300054B50D /* Frameworks */,
				3453B144257E19300054B50D /* Resources */,
			);
			buildRules = (
			);
			dependencies = (
				3453B148257E19300054B50D /* PBXTargetDependency */,
			);
			name = BookwormUITests;
			productName = BookwormUITests;
			productReference = 3453B146257E19300054B50D /* BookwormUITests.xctest */;
			productType = "com.apple.product-type.bundle.ui-testing";
		};
/* End PBXNativeTarget section */

/* Begin PBXProject section */
		3453B11D257E192F0054B50D /* Project object */ = {
			isa = PBXProject;
			attributes = {
				LastSwiftUpdateCheck = 1220;
				LastUpgradeCheck = 1220;
				TargetAttributes = {
					3453B124257E192F0054B50D = {
						CreatedOnToolsVersion = 12.2;
					};
					3453B13A257E19300054B50D = {
						CreatedOnToolsVersion = 12.2;
						TestTargetID = 3453B124257E192F0054B50D;
					};
					3453B145257E19300054B50D = {
						CreatedOnToolsVersion = 12.2;
						TestTargetID = 3453B124257E192F0054B50D;
					};
				};
			};
			buildConfigurationList = 3453B120257E192F0054B50D /* Build configuration list for PBXProject "Bookworm" */;
			compatibilityVersion = "Xcode 9.3";
			developmentRegion = en;
			hasScannedForEncodings = 0;
			knownRegions = (
				en,
				Base,
			);
			mainGroup = 3453B11C257E192F0054B50D;
			productRefGroup = 3453B126257E192F0054B50D /* Products */;
			projectDirPath = "";
			projectRoot = "";
			targets = (
				3453B124257E192F0054B50D /* Bookworm */,
				3453B13A257E19300054B50D /* BookwormTests */,
				3453B145257E19300054B50D /* BookwormUITests */,
			);
		};
/* End PBXProject section */

/* Begin PBXResourcesBuildPhase section */
		3453B123257E192F0054B50D /* Resources */ = {
			isa = PBXResourcesBuildPhase;
			buildActionMask = 2147483647;
			files = (
				3453B130257E19300054B50D /* Preview Assets.xcassets in Resources */,
				3453B12D257E19300054B50D /* Assets.xcassets in Resources */,
			);
			runOnlyForDeploymentPostprocessing = 0;
		};
		3453B139257E19300054B50D /* Resources */ = {
			isa = PBXResourcesBuildPhase;
			buildActionMask = 2147483647;
			files = (
			);
			runOnlyForDeploymentPostprocessing = 0;
		};
		3453B144257E19300054B50D /* Resources */ = {
			isa = PBXResourcesBuildPhase;
			buildActionMask = 2147483647;
			files = (
			);
			runOnlyForDeploymentPostprocessing = 0;
		};
/* End PBXResourcesBuildPhase section */

/* Begin PBXSourcesBuildPhase section */
		3453B121257E192F0054B50D /* Sources */ = {
			isa = PBXSourcesBuildPhase;
			buildActionMask = 2147483647;
			files = (
				34717017257E2F1A00895323 /* BookwormView.swift in Sources */,
				34733069257E49770060F3E4 /* DetailsView.swift in Sources */,
				34733064257E46EA0060F3E4 /* EmojiRatingView.swift in Sources */,
				34626138257E3C9400647A13 /* Bookworm.xcdatamodeld in Sources */,
				3453B15C257E1BF00054B50D /* PushButton.swift in Sources */,
				3473305F257E45D10060F3E4 /* RatingView.swift in Sources */,
				3473305A257E421D0060F3E4 /* Persistence.swift in Sources */,
				3453B12B257E192F0054B50D /* ContentView.swift in Sources */,
				3453B129257E192F0054B50D /* BookwormApp.swift in Sources */,
				3453B164257E2BC40054B50D /* AddBookView.swift in Sources */,
			);
			runOnlyForDeploymentPostprocessing = 0;
		};
		3453B137257E19300054B50D /* Sources */ = {
			isa = PBXSourcesBuildPhase;
			buildActionMask = 2147483647;
			files = (
				3453B140257E19300054B50D /* BookwormTests.swift in Sources */,
			);
			runOnlyForDeploymentPostprocessing = 0;
		};
		3453B142257E19300054B50D /* Sources */ = {
			isa = PBXSourcesBuildPhase;
			buildActionMask = 2147483647;
			files = (
				3453B14B257E19300054B50D /* BookwormUITests.swift in Sources */,
			);
			runOnlyForDeploymentPostprocessing = 0;
		};
/* End PBXSourcesBuildPhase section */

/* Begin PBXTargetDependency section */
		3453B13D257E19300054B50D /* PBXTargetDependency */ = {
			isa = PBXTargetDependency;
			target = 3453B124257E192F0054B50D /* Bookworm */;
			targetProxy = 3453B13C257E19300054B50D /* PBXContainerItemProxy */;
		};
		3453B148257E19300054B50D /* PBXTargetDependency */ = {
			isa = PBXTargetDependency;
			target = 3453B124257E192F0054B50D /* Bookworm */;
			targetProxy = 3453B147257E19300054B50D /* PBXContainerItemProxy */;
		};
/* End PBXTargetDependency section */

/* Begin XCBuildConfiguration section */
		3453B14D257E19300054B50D /* Debug */ = {
			isa = XCBuildConfiguration;
			buildSettings = {
				ALWAYS_SEARCH_USER_PATHS = NO;
				CLANG_ANALYZER_NONNULL = YES;
				CLANG_ANALYZER_NUMBER_OBJECT_CONVERSION = YES_AGGRESSIVE;
				CLANG_CXX_LANGUAGE_STANDARD = "gnu++14";
				CLANG_CXX_LIBRARY = "libc++";
				CLANG_ENABLE_MODULES = YES;
				CLANG_ENABLE_OBJC_ARC = YES;
				CLANG_ENABLE_OBJC_WEAK = YES;
				CLANG_WARN_BLOCK_CAPTURE_AUTORELEASING = YES;
				CLANG_WARN_BOOL_CONVERSION = YES;
				CLANG_WARN_COMMA = YES;
				CLANG_WARN_CONSTANT_CONVERSION = YES;
				CLANG_WARN_DEPRECATED_OBJC_IMPLEMENTATIONS = YES;
				CLANG_WARN_DIRECT_OBJC_ISA_USAGE = YES_ERROR;
				CLANG_WARN_DOCUMENTATION_COMMENTS = YES;
				CLANG_WARN_EMPTY_BODY = YES;
				CLANG_WARN_ENUM_CONVERSION = YES;
				CLANG_WARN_INFINITE_RECURSION = YES;
				CLANG_WARN_INT_CONVERSION = YES;
				CLANG_WARN_NON_LITERAL_NULL_CONVERSION = YES;
				CLANG_WARN_OBJC_IMPLICIT_RETAIN_SELF = YES;
				CLANG_WARN_OBJC_LITERAL_CONVERSION = YES;
				CLANG_WARN_OBJC_ROOT_CLASS = YES_ERROR;
				CLANG_WARN_QUOTED_INCLUDE_IN_FRAMEWORK_HEADER = YES;
				CLANG_WARN_RANGE_LOOP_ANALYSIS = YES;
				CLANG_WARN_STRICT_PROTOTYPES = YES;
				CLANG_WARN_SUSPICIOUS_MOVE = YES;
				CLANG_WARN_UNGUARDED_AVAILABILITY = YES_AGGRESSIVE;
				CLANG_WARN_UNREACHABLE_CODE = YES;
				CLANG_WARN__DUPLICATE_METHOD_MATCH = YES;
				COPY_PHASE_STRIP = NO;
				DEBUG_INFORMATION_FORMAT = dwarf;
				ENABLE_STRICT_OBJC_MSGSEND = YES;
				ENABLE_TESTABILITY = YES;
				GCC_C_LANGUAGE_STANDARD = gnu11;
				GCC_DYNAMIC_NO_PIC = NO;
				GCC_NO_COMMON_BLOCKS = YES;
				GCC_OPTIMIZATION_LEVEL = 0;
				GCC_PREPROCESSOR_DEFINITIONS = (
					"DEBUG=1",
					"$(inherited)",
				);
				GCC_WARN_64_TO_32_BIT_CONVERSION = YES;
				GCC_WARN_ABOUT_RETURN_TYPE = YES_ERROR;
				GCC_WARN_UNDECLARED_SELECTOR = YES;
				GCC_WARN_UNINITIALIZED_AUTOS = YES_AGGRESSIVE;
				GCC_WARN_UNUSED_FUNCTION = YES;
				GCC_WARN_UNUSED_VARIABLE = YES;
				IPHONEOS_DEPLOYMENT_TARGET = 14.2;
				MTL_ENABLE_DEBUG_INFO = INCLUDE_SOURCE;
				MTL_FAST_MATH = YES;
				ONLY_ACTIVE_ARCH = YES;
				SDKROOT = iphoneos;
				SWIFT_ACTIVE_COMPILATION_CONDITIONS = DEBUG;
				SWIFT_OPTIMIZATION_LEVEL = "-Onone";
			};
			name = Debug;
		};
		3453B14E257E19300054B50D /* Release */ = {
			isa = XCBuildConfiguration;
			buildSettings = {
				ALWAYS_SEARCH_USER_PATHS = NO;
				CLANG_ANALYZER_NONNULL = YES;
				CLANG_ANALYZER_NUMBER_OBJECT_CONVERSION = YES_AGGRESSIVE;
				CLANG_CXX_LANGUAGE_STANDARD = "gnu++14";
				CLANG_CXX_LIBRARY = "libc++";
				CLANG_ENABLE_MODULES = YES;
				CLANG_ENABLE_OBJC_ARC = YES;
				CLANG_ENABLE_OBJC_WEAK = YES;
				CLANG_WARN_BLOCK_CAPTURE_AUTORELEASING = YES;
				CLANG_WARN_BOOL_CONVERSION = YES;
				CLANG_WARN_COMMA = YES;
				CLANG_WARN_CONSTANT_CONVERSION = YES;
				CLANG_WARN_DEPRECATED_OBJC_IMPLEMENTATIONS = YES;
				CLANG_WARN_DIRECT_OBJC_ISA_USAGE = YES_ERROR;
				CLANG_WARN_DOCUMENTATION_COMMENTS = YES;
				CLANG_WARN_EMPTY_BODY = YES;
				CLANG_WARN_ENUM_CONVERSION = YES;
				CLANG_WARN_INFINITE_RECURSION = YES;
				CLANG_WARN_INT_CONVERSION = YES;
				CLANG_WARN_NON_LITERAL_NULL_CONVERSION = YES;
				CLANG_WARN_OBJC_IMPLICIT_RETAIN_SELF = YES;
				CLANG_WARN_OBJC_LITERAL_CONVERSION = YES;
				CLANG_WARN_OBJC_ROOT_CLASS = YES_ERROR;
				CLANG_WARN_QUOTED_INCLUDE_IN_FRAMEWORK_HEADER = YES;
				CLANG_WARN_RANGE_LOOP_ANALYSIS = YES;
				CLANG_WARN_STRICT_PROTOTYPES = YES;
				CLANG_WARN_SUSPICIOUS_MOVE = YES;
				CLANG_WARN_UNGUARDED_AVAILABILITY = YES_AGGRESSIVE;
				CLANG_WARN_UNREACHABLE_CODE = YES;
				CLANG_WARN__DUPLICATE_METHOD_MATCH = YES;
				COPY_PHASE_STRIP = NO;
				DEBUG_INFORMATION_FORMAT = "dwarf-with-dsym";
				ENABLE_NS_ASSERTIONS = NO;
				ENABLE_STRICT_OBJC_MSGSEND = YES;
				GCC_C_LANGUAGE_STANDARD = gnu11;
				GCC_NO_COMMON_BLOCKS = YES;
				GCC_WARN_64_TO_32_BIT_CONVERSION = YES;
				GCC_WARN_ABOUT_RETURN_TYPE = YES_ERROR;
				GCC_WARN_UNDECLARED_SELECTOR = YES;
				GCC_WARN_UNINITIALIZED_AUTOS = YES_AGGRESSIVE;
				GCC_WARN_UNUSED_FUNCTION = YES;
				GCC_WARN_UNUSED_VARIABLE = YES;
				IPHONEOS_DEPLOYMENT_TARGET = 14.2;
				MTL_ENABLE_DEBUG_INFO = NO;
				MTL_FAST_MATH = YES;
				SDKROOT = iphoneos;
				SWIFT_COMPILATION_MODE = wholemodule;
				SWIFT_OPTIMIZATION_LEVEL = "-O";
				VALIDATE_PRODUCT = YES;
			};
			name = Release;
		};
		3453B150257E19300054B50D /* Debug */ = {
			isa = XCBuildConfiguration;
			buildSettings = {
				ASSETCATALOG_COMPILER_APPICON_NAME = AppIcon;
				ASSETCATALOG_COMPILER_GLOBAL_ACCENT_COLOR_NAME = AccentColor;
				CODE_SIGN_STYLE = Automatic;
				DEVELOPMENT_ASSET_PATHS = "\"Bookworm/Preview Content\"";
				DEVELOPMENT_TEAM = 65Q2BCUSW6;
				ENABLE_PREVIEWS = YES;
				INFOPLIST_FILE = Bookworm/Info.plist;
				IPHONEOS_DEPLOYMENT_TARGET = 14.0;
				LD_RUNPATH_SEARCH_PATHS = (
					"$(inherited)",
					"@executable_path/Frameworks",
				);
				PRODUCT_BUNDLE_IDENTIFIER = "-00days.of.swiftui.pribelszki.levente.Bookworm";
				PRODUCT_NAME = "$(TARGET_NAME)";
				SWIFT_VERSION = 5.0;
				TARGETED_DEVICE_FAMILY = "1,2";
			};
			name = Debug;
		};
		3453B151257E19300054B50D /* Release */ = {
			isa = XCBuildConfiguration;
			buildSettings = {
				ASSETCATALOG_COMPILER_APPICON_NAME = AppIcon;
				ASSETCATALOG_COMPILER_GLOBAL_ACCENT_COLOR_NAME = AccentColor;
				CODE_SIGN_STYLE = Automatic;
				DEVELOPMENT_ASSET_PATHS = "\"Bookworm/Preview Content\"";
				DEVELOPMENT_TEAM = 65Q2BCUSW6;
				ENABLE_PREVIEWS = YES;
				INFOPLIST_FILE = Bookworm/Info.plist;
				IPHONEOS_DEPLOYMENT_TARGET = 14.0;
				LD_RUNPATH_SEARCH_PATHS = (
					"$(inherited)",
					"@executable_path/Frameworks",
				);
				PRODUCT_BUNDLE_IDENTIFIER = "-00days.of.swiftui.pribelszki.levente.Bookworm";
				PRODUCT_NAME = "$(TARGET_NAME)";
				SWIFT_VERSION = 5.0;
				TARGETED_DEVICE_FAMILY = "1,2";
			};
			name = Release;
		};
		3453B153257E19300054B50D /* Debug */ = {
			isa = XCBuildConfiguration;
			buildSettings = {
				ALWAYS_EMBED_SWIFT_STANDARD_LIBRARIES = YES;
				BUNDLE_LOADER = "$(TEST_HOST)";
				CODE_SIGN_STYLE = Automatic;
				DEVELOPMENT_TEAM = 65Q2BCUSW6;
				INFOPLIST_FILE = BookwormTests/Info.plist;
				IPHONEOS_DEPLOYMENT_TARGET = 14.0;
				LD_RUNPATH_SEARCH_PATHS = (
					"$(inherited)",
					"@executable_path/Frameworks",
					"@loader_path/Frameworks",
				);
				PRODUCT_BUNDLE_IDENTIFIER = "-00days.of.swiftui.pribelszki.levente.BookwormTests";
				PRODUCT_NAME = "$(TARGET_NAME)";
				SWIFT_VERSION = 5.0;
				TARGETED_DEVICE_FAMILY = "1,2";
				TEST_HOST = "$(BUILT_PRODUCTS_DIR)/Bookworm.app/Bookworm";
			};
			name = Debug;
		};
		3453B154257E19300054B50D /* Release */ = {
			isa = XCBuildConfiguration;
			buildSettings = {
				ALWAYS_EMBED_SWIFT_STANDARD_LIBRARIES = YES;
				BUNDLE_LOADER = "$(TEST_HOST)";
				CODE_SIGN_STYLE = Automatic;
				DEVELOPMENT_TEAM = 65Q2BCUSW6;
				INFOPLIST_FILE = BookwormTests/Info.plist;
				IPHONEOS_DEPLOYMENT_TARGET = 14.0;
				LD_RUNPATH_SEARCH_PATHS = (
					"$(inherited)",
					"@executable_path/Frameworks",
					"@loader_path/Frameworks",
				);
				PRODUCT_BUNDLE_IDENTIFIER = "-00days.of.swiftui.pribelszki.levente.BookwormTests";
				PRODUCT_NAME = "$(TARGET_NAME)";
				SWIFT_VERSION = 5.0;
				TARGETED_DEVICE_FAMILY = "1,2";
				TEST_HOST = "$(BUILT_PRODUCTS_DIR)/Bookworm.app/Bookworm";
			};
			name = Release;
		};
		3453B156257E19300054B50D /* Debug */ = {
			isa = XCBuildConfiguration;
			buildSettings = {
				ALWAYS_EMBED_SWIFT_STANDARD_LIBRARIES = YES;
				CODE_SIGN_STYLE = Automatic;
				DEVELOPMENT_TEAM = 65Q2BCUSW6;
				INFOPLIST_FILE = BookwormUITests/Info.plist;
				LD_RUNPATH_SEARCH_PATHS = (
					"$(inherited)",
					"@executable_path/Frameworks",
					"@loader_path/Frameworks",
				);
				PRODUCT_BUNDLE_IDENTIFIER = "-00days.of.swiftui.pribelszki.levente.BookwormUITests";
				PRODUCT_NAME = "$(TARGET_NAME)";
				SWIFT_VERSION = 5.0;
				TARGETED_DEVICE_FAMILY = "1,2";
				TEST_TARGET_NAME = Bookworm;
			};
			name = Debug;
		};
		3453B157257E19300054B50D /* Release */ = {
			isa = XCBuildConfiguration;
			buildSettings = {
				ALWAYS_EMBED_SWIFT_STANDARD_LIBRARIES = YES;
				CODE_SIGN_STYLE = Automatic;
				DEVELOPMENT_TEAM = 65Q2BCUSW6;
				INFOPLIST_FILE = BookwormUITests/Info.plist;
				LD_RUNPATH_SEARCH_PATHS = (
					"$(inherited)",
					"@executable_path/Frameworks",
					"@loader_path/Frameworks",
				);
				PRODUCT_BUNDLE_IDENTIFIER = "-00days.of.swiftui.pribelszki.levente.BookwormUITests";
				PRODUCT_NAME = "$(TARGET_NAME)";
				SWIFT_VERSION = 5.0;
				TARGETED_DEVICE_FAMILY = "1,2";
				TEST_TARGET_NAME = Bookworm;
			};
			name = Release;
		};
/* End XCBuildConfiguration section */

/* Begin XCConfigurationList section */
		3453B120257E192F0054B50D /* Build configuration list for PBXProject "Bookworm" */ = {
			isa = XCConfigurationList;
			buildConfigurations = (
				3453B14D257E19300054B50D /* Debug */,
				3453B14E257E19300054B50D /* Release */,
			);
			defaultConfigurationIsVisible = 0;
			defaultConfigurationName = Release;
		};
		3453B14F257E19300054B50D /* Build configuration list for PBXNativeTarget "Bookworm" */ = {
			isa = XCConfigurationList;
			buildConfigurations = (
				3453B150257E19300054B50D /* Debug */,
				3453B151257E19300054B50D /* Release */,
			);
			defaultConfigurationIsVisible = 0;
			defaultConfigurationName = Release;
		};
		3453B152257E19300054B50D /* Build configuration list for PBXNativeTarget "BookwormTests" */ = {
			isa = XCConfigurationList;
			buildConfigurations = (
				3453B153257E19300054B50D /* Debug */,
				3453B154257E19300054B50D /* Release */,
			);
			defaultConfigurationIsVisible = 0;
			defaultConfigurationName = Release;
		};
		3453B155257E19300054B50D /* Build configuration list for PBXNativeTarget "BookwormUITests" */ = {
			isa = XCConfigurationList;
			buildConfigurations = (
				3453B156257E19300054B50D /* Debug */,
				3453B157257E19300054B50D /* Release */,
			);
			defaultConfigurationIsVisible = 0;
			defaultConfigurationName = Release;
		};
/* End XCConfigurationList section */

/* Begin XCVersionGroup section */
		34717026257E39FA00895323 /* Bookworm.xcdatamodeld */ = {
			isa = XCVersionGroup;
			children = (
				34717027257E39FA00895323 /* Bookworm.xcdatamodel */,
			);
			currentVersion = 34717027257E39FA00895323 /* Bookworm.xcdatamodel */;
			path = Bookworm.xcdatamodeld;
			sourceTree = "<group>";
			versionGroupType = wrapper.xcdatamodel;
		};
/* End XCVersionGroup section */
	};
	rootObject = 3453B11D257E192F0054B50D /* Project object */;
}
